PODS:
  - Alamofire (4.5.0)
  - Kingfisher (3.10.4)
  - ObjectMapper (2.2.8)
  - XLPagerTabStrip (7.0.0)
  - YNExpandableCell (1.1.0)

DEPENDENCIES:
  - Alamofire
  - Kingfisher (~> 3.10.4)
  - ObjectMapper
  - XLPagerTabStrip
  - YNExpandableCell

SPEC CHECKSUMS:
  Alamofire: f28cdffd29de33a7bfa022cbd63ae95a27fae140
  Kingfisher: dc3a4983e86d2dfa89513664983a82340c11a289
  ObjectMapper: 3d571bb5af471c779e1160828cd9ad5c4ef90958
  XLPagerTabStrip: 9be80a66c6b7d60306b2c0a6004965016d68f813
  YNExpandableCell: 47bf7cff721aa535c0e9e1163bf22b5573441bb4

PODFILE CHECKSUM: 92efe00574434ff8b8b0daca16ca1d8df03a6270

COCOAPODS: 1.2.0
